
Microsoft Visual Studio Solution File, Format Version 12.00
# Visual Studio Version 17
VisualStudioVersion = 17.5.33516.290
MinimumVisualStudioVersion = 10.0.40219.1
Project("{FAE04EC0-301F-11D3-BF4B-00C04F79EFBC}") = "Nebula_Web_API", "Nebula_Web_API.csproj", "{274D61FB-87AA-4105-9DDC-F1E4BCB56F64}"
EndProject
Global
	GlobalSection(SolutionConfigurationPlatforms) = preSolution
		Debug|Any CPU = Debug|Any CPU
		Release|Any CPU = Release|Any CPU
	EndGlobalSection
	GlobalSection(ProjectConfigurationPlatforms) = postSolution
		{274D61FB-87AA-4105-9DDC-F1E4BCB56F64}.Debug|Any CPU.ActiveCfg = Debug|Any CPU
		{274D61FB-87AA-4105-9DDC-F1E4BCB56F64}.Debug|Any CPU.Build.0 = Debug|Any CPU
		{274D61FB-87AA-4105-9DDC-F1E4BCB56F64}.Release|Any CPU.ActiveCfg = Release|Any CPU
		{274D61FB-87AA-4105-9DDC-F1E4BCB56F64}.Release|Any CPU.Build.0 = Release|Any CPU
	EndGlobalSection
	GlobalSection(SolutionProperties) = preSolution
		HideSolutionNode = FALSE
	EndGlobalSection
	GlobalSection(ExtensibilityGlobals) = postSolution
		SolutionGuid = {B0CE23FE-10C3-4D06-85F8-B1B7AC257D9C}
	EndGlobalSection
EndGlobal
